
Microsoft Visual Studio Solution File, Format Version 12.00
# Visual Studio Version 16
VisualStudioVersion = 16.0.31025.194
MinimumVisualStudioVersion = 10.0.40219.1
Project("{FAE04EC0-301F-11D3-BF4B-00C04F79EFBC}") = "Fakturace2021", "Fakturace2021\Fakturace2021.csproj", "{6474DD6A-2C05-41AE-B5D3-557FEB82E03A}"
EndProject
Global
	GlobalSection(SolutionConfigurationPlatforms) = preSolution
		Debug|Any CPU = Debug|Any CPU
		Release|Any CPU = Release|Any CPU
	EndGlobalSection
	GlobalSection(ProjectConfigurationPlatforms) = postSolution
		{6474DD6A-2C05-41AE-B5D3-557FEB82E03A}.Debug|Any CPU.ActiveCfg = Debug|Any CPU
		{6474DD6A-2C05-41AE-B5D3-557FEB82E03A}.Debug|Any CPU.Build.0 = Debug|Any CPU
		{6474DD6A-2C05-41AE-B5D3-557FEB82E03A}.Release|Any CPU.ActiveCfg = Release|Any CPU
		{6474DD6A-2C05-41AE-B5D3-557FEB82E03A}.Release|Any CPU.Build.0 = Release|Any CPU
	EndGlobalSection
	GlobalSection(SolutionProperties) = preSolution
		HideSolutionNode = FALSE
	EndGlobalSection
	GlobalSection(ExtensibilityGlobals) = postSolution
		SolutionGuid = {45FFBCBD-FFC1-4E02-9090-8E27FCDBE02B}
	EndGlobalSection
EndGlobal
